// !$*UTF8*$!
{
	archiveVersion = 1;
	classes = {
	};
	objectVersion = 50;
	objects = {

/* Begin PBXBuildFile section */
		040FBB442304A1B000E7BE6A /* Constants.swift in Sources */ = {isa = PBXBuildFile; fileRef = 040FBB432304A1B000E7BE6A /* Constants.swift */; };
		040FBB47231C564A00E7BE6A /* RoundedViews.swift in Sources */ = {isa = PBXBuildFile; fileRef = 040FBB46231C564A00E7BE6A /* RoundedViews.swift */; };
		0464173A22F618E000D27A1B /* AppDelegate.swift in Sources */ = {isa = PBXBuildFile; fileRef = 0464173922F618E000D27A1B /* AppDelegate.swift */; };
		0464173C22F618E000D27A1B /* ViewController.swift in Sources */ = {isa = PBXBuildFile; fileRef = 0464173B22F618E000D27A1B /* ViewController.swift */; };
		0464173F22F618E000D27A1B /* Main.storyboard in Resources */ = {isa = PBXBuildFile; fileRef = 0464173D22F618E000D27A1B /* Main.storyboard */; };
		0464174122F618E100D27A1B /* Assets.xcassets in Resources */ = {isa = PBXBuildFile; fileRef = 0464174022F618E100D27A1B /* Assets.xcassets */; };
		0464174422F618E100D27A1B /* LaunchScreen.storyboard in Resources */ = {isa = PBXBuildFile; fileRef = 0464174222F618E100D27A1B /* LaunchScreen.storyboard */; };
		0464175222F61B8E00D27A1B /* AppDelegate.swift in Sources */ = {isa = PBXBuildFile; fileRef = 0464175122F61B8E00D27A1B /* AppDelegate.swift */; };
		0464175422F61B8E00D27A1B /* ViewController.swift in Sources */ = {isa = PBXBuildFile; fileRef = 0464175322F61B8E00D27A1B /* ViewController.swift */; };
		0464175722F61B8E00D27A1B /* Main.storyboard in Resources */ = {isa = PBXBuildFile; fileRef = 0464175522F61B8E00D27A1B /* Main.storyboard */; };
		0464175C22F61B8E00D27A1B /* LaunchScreen.storyboard in Resources */ = {isa = PBXBuildFile; fileRef = 0464175A22F61B8E00D27A1B /* LaunchScreen.storyboard */; };
		0464176222F61BF600D27A1B /* Assets.xcassets in Resources */ = {isa = PBXBuildFile; fileRef = 0464174022F618E100D27A1B /* Assets.xcassets */; };
		0464176422F77E9200D27A1B /* LoginStoryBoard.storyboard in Resources */ = {isa = PBXBuildFile; fileRef = 0464176322F77E9200D27A1B /* LoginStoryBoard.storyboard */; };
		04AD365223020DDB0034D5FF /* GoogleService-Info.plist in Resources */ = {isa = PBXBuildFile; fileRef = 04AD365123020DDB0034D5FF /* GoogleService-Info.plist */; };
		04AD36542302103F0034D5FF /* GoogleService-Info.plist in Resources */ = {isa = PBXBuildFile; fileRef = 04AD36532302103F0034D5FF /* GoogleService-Info.plist */; };
		04AD365A23029C6D0034D5FF /* LoginVC.swift in Sources */ = {isa = PBXBuildFile; fileRef = 04AD365923029C6D0034D5FF /* LoginVC.swift */; };
		04AD365C23029C8F0034D5FF /* RegisterVC.swift in Sources */ = {isa = PBXBuildFile; fileRef = 04AD365B23029C8F0034D5FF /* RegisterVC.swift */; };
		04AD365F2302A6F00034D5FF /* extension.swift in Sources */ = {isa = PBXBuildFile; fileRef = 04AD365E2302A6F00034D5FF /* extension.swift */; };
		5F1E318DD9D32AB28FF654EF /* Pods_ZeeTee.framework in Frameworks */ = {isa = PBXBuildFile; fileRef = EFEA65797C686ED0C7D5DC36 /* Pods_ZeeTee.framework */; };
		BA0E6783D7381BBE630F12E3 /* Pods_ZeeAdmin.framework in Frameworks */ = {isa = PBXBuildFile; fileRef = 6505D58D5B601BBF9C25433C /* Pods_ZeeAdmin.framework */; };
/* End PBXBuildFile section */

/* Begin PBXFileReference section */
		040FBB432304A1B000E7BE6A /* Constants.swift */ = {isa = PBXFileReference; lastKnownFileType = sourcecode.swift; path = Constants.swift; sourceTree = "<group>"; };
		040FBB46231C564A00E7BE6A /* RoundedViews.swift */ = {isa = PBXFileReference; lastKnownFileType = sourcecode.swift; path = RoundedViews.swift; sourceTree = "<group>"; };
		0464173622F618E000D27A1B /* ZeeTee.app */ = {isa = PBXFileReference; explicitFileType = wrapper.application; includeInIndex = 0; path = ZeeTee.app; sourceTree = BUILT_PRODUCTS_DIR; };
		0464173922F618E000D27A1B /* AppDelegate.swift */ = {isa = PBXFileReference; lastKnownFileType = sourcecode.swift; path = AppDelegate.swift; sourceTree = "<group>"; };
		0464173B22F618E000D27A1B /* ViewController.swift */ = {isa = PBXFileReference; lastKnownFileType = sourcecode.swift; path = ViewController.swift; sourceTree = "<group>"; };
		0464173E22F618E000D27A1B /* Base */ = {isa = PBXFileReference; lastKnownFileType = file.storyboard; name = Base; path = Base.lproj/Main.storyboard; sourceTree = "<group>"; };
		0464174022F618E100D27A1B /* Assets.xcassets */ = {isa = PBXFileReference; lastKnownFileType = folder.assetcatalog; path = Assets.xcassets; sourceTree = "<group>"; };
		0464174322F618E100D27A1B /* Base */ = {isa = PBXFileReference; lastKnownFileType = file.storyboard; name = Base; path = Base.lproj/LaunchScreen.storyboard; sourceTree = "<group>"; };
		0464174522F618E100D27A1B /* Info.plist */ = {isa = PBXFileReference; lastKnownFileType = text.plist.xml; path = Info.plist; sourceTree = "<group>"; };
		0464174F22F61B8E00D27A1B /* ZeeAdmin.app */ = {isa = PBXFileReference; explicitFileType = wrapper.application; includeInIndex = 0; path = ZeeAdmin.app; sourceTree = BUILT_PRODUCTS_DIR; };
		0464175122F61B8E00D27A1B /* AppDelegate.swift */ = {isa = PBXFileReference; lastKnownFileType = sourcecode.swift; path = AppDelegate.swift; sourceTree = "<group>"; };
		0464175322F61B8E00D27A1B /* ViewController.swift */ = {isa = PBXFileReference; lastKnownFileType = sourcecode.swift; path = ViewController.swift; sourceTree = "<group>"; };
		0464175622F61B8E00D27A1B /* Base */ = {isa = PBXFileReference; lastKnownFileType = file.storyboard; name = Base; path = Base.lproj/Main.storyboard; sourceTree = "<group>"; };
		0464175B22F61B8E00D27A1B /* Base */ = {isa = PBXFileReference; lastKnownFileType = file.storyboard; name = Base; path = Base.lproj/LaunchScreen.storyboard; sourceTree = "<group>"; };
		0464175D22F61B8E00D27A1B /* Info.plist */ = {isa = PBXFileReference; lastKnownFileType = text.plist.xml; path = Info.plist; sourceTree = "<group>"; };
		0464176322F77E9200D27A1B /* LoginStoryBoard.storyboard */ = {isa = PBXFileReference; lastKnownFileType = file.storyboard; path = LoginStoryBoard.storyboard; sourceTree = "<group>"; };
		04AD365123020DDB0034D5FF /* GoogleService-Info.plist */ = {isa = PBXFileReference; fileEncoding = 4; lastKnownFileType = text.plist.xml; path = "GoogleService-Info.plist"; sourceTree = "<group>"; };
		04AD36532302103F0034D5FF /* GoogleService-Info.plist */ = {isa = PBXFileReference; fileEncoding = 4; lastKnownFileType = text.plist.xml; path = "GoogleService-Info.plist"; sourceTree = "<group>"; };
		04AD365923029C6D0034D5FF /* LoginVC.swift */ = {isa = PBXFileReference; lastKnownFileType = sourcecode.swift; path = LoginVC.swift; sourceTree = "<group>"; };
		04AD365B23029C8F0034D5FF /* RegisterVC.swift */ = {isa = PBXFileReference; lastKnownFileType = sourcecode.swift; path = RegisterVC.swift; sourceTree = "<group>"; };
		04AD365E2302A6F00034D5FF /* extension.swift */ = {isa = PBXFileReference; lastKnownFileType = sourcecode.swift; path = extension.swift; sourceTree = "<group>"; };
		6505D58D5B601BBF9C25433C /* Pods_ZeeAdmin.framework */ = {isa = PBXFileReference; explicitFileType = wrapper.framework; includeInIndex = 0; path = Pods_ZeeAdmin.framework; sourceTree = BUILT_PRODUCTS_DIR; };
		7101F563CEBCE03F43B6631C /* Pods-ZeeTee.debug.xcconfig */ = {isa = PBXFileReference; includeInIndex = 1; lastKnownFileType = text.xcconfig; name = "Pods-ZeeTee.debug.xcconfig"; path = "Pods/Target Support Files/Pods-ZeeTee/Pods-ZeeTee.debug.xcconfig"; sourceTree = "<group>"; };
		BBC19DAB2B5481DDCBA54F47 /* Pods-ZeeTee.release.xcconfig */ = {isa = PBXFileReference; includeInIndex = 1; lastKnownFileType = text.xcconfig; name = "Pods-ZeeTee.release.xcconfig"; path = "Pods/Target Support Files/Pods-ZeeTee/Pods-ZeeTee.release.xcconfig"; sourceTree = "<group>"; };
		EFEA65797C686ED0C7D5DC36 /* Pods_ZeeTee.framework */ = {isa = PBXFileReference; explicitFileType = wrapper.framework; includeInIndex = 0; path = Pods_ZeeTee.framework; sourceTree = BUILT_PRODUCTS_DIR; };
		F372A604985BF8377EE1D9BE /* Pods-ZeeAdmin.debug.xcconfig */ = {isa = PBXFileReference; includeInIndex = 1; lastKnownFileType = text.xcconfig; name = "Pods-ZeeAdmin.debug.xcconfig"; path = "Pods/Target Support Files/Pods-ZeeAdmin/Pods-ZeeAdmin.debug.xcconfig"; sourceTree = "<group>"; };
		FA783D2E631901113A5B0F80 /* Pods-ZeeAdmin.release.xcconfig */ = {isa = PBXFileReference; includeInIndex = 1; lastKnownFileType = text.xcconfig; name = "Pods-ZeeAdmin.release.xcconfig"; path = "Pods/Target Support Files/Pods-ZeeAdmin/Pods-ZeeAdmin.release.xcconfig"; sourceTree = "<group>"; };
/* End PBXFileReference section */

/* Begin PBXFrameworksBuildPhase section */
		0464173322F618E000D27A1B /* Frameworks */ = {
			isa = PBXFrameworksBuildPhase;
			buildActionMask = 2147483647;
			files = (
				5F1E318DD9D32AB28FF654EF /* Pods_ZeeTee.framework in Frameworks */,
			);
			runOnlyForDeploymentPostprocessing = 0;
		};
		0464174C22F61B8E00D27A1B /* Frameworks */ = {
			isa = PBXFrameworksBuildPhase;
			buildActionMask = 2147483647;
			files = (
				BA0E6783D7381BBE630F12E3 /* Pods_ZeeAdmin.framework in Frameworks */,
			);
			runOnlyForDeploymentPostprocessing = 0;
		};
/* End PBXFrameworksBuildPhase section */

/* Begin PBXGroup section */
		040FBB45231C563300E7BE6A /* View */ = {
			isa = PBXGroup;
			children = (
				040FBB46231C564A00E7BE6A /* RoundedViews.swift */,
			);
			path = View;
			sourceTree = "<group>";
		};
		0464172D22F618E000D27A1B = {
			isa = PBXGroup;
			children = (
				0464176122F61BBF00D27A1B /* Shared */,
				0464173822F618E000D27A1B /* ZeeTee */,
				0464175022F61B8E00D27A1B /* ZeeAdmin */,
				0464173722F618E000D27A1B /* Products */,
				16EFD9986E7ABABC8B1D82AE /* Pods */,
				A7670280F9CAFC69A46D9B3D /* Frameworks */,
			);
			sourceTree = "<group>";
		};
		0464173722F618E000D27A1B /* Products */ = {
			isa = PBXGroup;
			children = (
				0464173622F618E000D27A1B /* ZeeTee.app */,
				0464174F22F61B8E00D27A1B /* ZeeAdmin.app */,
			);
			name = Products;
			sourceTree = "<group>";
		};
		0464173822F618E000D27A1B /* ZeeTee */ = {
			isa = PBXGroup;
			children = (
				04AD365823029C2E0034D5FF /* StoryBoards */,
				04AD365723029C270034D5FF /* Model */,
				04AD365623029C1E0034D5FF /* View */,
				04AD365523029C140034D5FF /* Controller */,
				04AD365123020DDB0034D5FF /* GoogleService-Info.plist */,
				0464173922F618E000D27A1B /* AppDelegate.swift */,
				0464174222F618E100D27A1B /* LaunchScreen.storyboard */,
				0464174522F618E100D27A1B /* Info.plist */,
			);
			path = ZeeTee;
			sourceTree = "<group>";
		};
		0464175022F61B8E00D27A1B /* ZeeAdmin */ = {
			isa = PBXGroup;
			children = (
				0464175122F61B8E00D27A1B /* AppDelegate.swift */,
				04AD36532302103F0034D5FF /* GoogleService-Info.plist */,
				0464175322F61B8E00D27A1B /* ViewController.swift */,
				0464175522F61B8E00D27A1B /* Main.storyboard */,
				0464175A22F61B8E00D27A1B /* LaunchScreen.storyboard */,
				0464175D22F61B8E00D27A1B /* Info.plist */,
			);
			path = ZeeAdmin;
			sourceTree = "<group>";
		};
		0464176122F61BBF00D27A1B /* Shared */ = {
			isa = PBXGroup;
			children = (
				040FBB45231C563300E7BE6A /* View */,
				04AD365D2302A6DE0034D5FF /* Utils */,
				0464174022F618E100D27A1B /* Assets.xcassets */,
			);
			path = Shared;
			sourceTree = "<group>";
		};
		04AD365523029C140034D5FF /* Controller */ = {
			isa = PBXGroup;
			children = (
				0464173B22F618E000D27A1B /* ViewController.swift */,
				04AD365923029C6D0034D5FF /* LoginVC.swift */,
				04AD365B23029C8F0034D5FF /* RegisterVC.swift */,
			);
			path = Controller;
			sourceTree = "<group>";
		};
		04AD365623029C1E0034D5FF /* View */ = {
			isa = PBXGroup;
			children = (
			);
			path = View;
			sourceTree = "<group>";
		};
		04AD365723029C270034D5FF /* Model */ = {
			isa = PBXGroup;
			children = (
			);
			path = Model;
			sourceTree = "<group>";
		};
		04AD365823029C2E0034D5FF /* StoryBoards */ = {
			isa = PBXGroup;
			children = (
				0464173D22F618E000D27A1B /* Main.storyboard */,
				0464176322F77E9200D27A1B /* LoginStoryBoard.storyboard */,
			);
			path = StoryBoards;
			sourceTree = "<group>";
		};
		04AD365D2302A6DE0034D5FF /* Utils */ = {
			isa = PBXGroup;
			children = (
				04AD365E2302A6F00034D5FF /* extension.swift */,
				040FBB432304A1B000E7BE6A /* Constants.swift */,
			);
			path = Utils;
			sourceTree = "<group>";
		};
		16EFD9986E7ABABC8B1D82AE /* Pods */ = {
			isa = PBXGroup;
			children = (
				F372A604985BF8377EE1D9BE /* Pods-ZeeAdmin.debug.xcconfig */,
				FA783D2E631901113A5B0F80 /* Pods-ZeeAdmin.release.xcconfig */,
				7101F563CEBCE03F43B6631C /* Pods-ZeeTee.debug.xcconfig */,
				BBC19DAB2B5481DDCBA54F47 /* Pods-ZeeTee.release.xcconfig */,
			);
			name = Pods;
			sourceTree = "<group>";
		};
		A7670280F9CAFC69A46D9B3D /* Frameworks */ = {
			isa = PBXGroup;
			children = (
				6505D58D5B601BBF9C25433C /* Pods_ZeeAdmin.framework */,
				EFEA65797C686ED0C7D5DC36 /* Pods_ZeeTee.framework */,
			);
			name = Frameworks;
			sourceTree = "<group>";
		};
/* End PBXGroup section */

/* Begin PBXNativeTarget section */
		0464173522F618E000D27A1B /* ZeeTee */ = {
			isa = PBXNativeTarget;
			buildConfigurationList = 0464174822F618E100D27A1B /* Build configuration list for PBXNativeTarget "ZeeTee" */;
			buildPhases = (
				DD4B63601EF6AC29DFF69209 /* [CP] Check Pods Manifest.lock */,
				0464173222F618E000D27A1B /* Sources */,
				0464173322F618E000D27A1B /* Frameworks */,
				0464173422F618E000D27A1B /* Resources */,
				F13D048AAF40AC88991C58BD /* [CP] Embed Pods Frameworks */,
			);
			buildRules = (
			);
			dependencies = (
			);
			name = ZeeTee;
			productName = ZeeTee;
			productReference = 0464173622F618E000D27A1B /* ZeeTee.app */;
			productType = "com.apple.product-type.application";
		};
		0464174E22F61B8E00D27A1B /* ZeeAdmin */ = {
			isa = PBXNativeTarget;
			buildConfigurationList = 0464175E22F61B8E00D27A1B /* Build configuration list for PBXNativeTarget "ZeeAdmin" */;
			buildPhases = (
				72CA50C5878CA2BDCA043D56 /* [CP] Check Pods Manifest.lock */,
				0464174B22F61B8E00D27A1B /* Sources */,
				0464174C22F61B8E00D27A1B /* Frameworks */,
				0464174D22F61B8E00D27A1B /* Resources */,
				7ACF93945E5D1F5E1EE4C6C4 /* [CP] Embed Pods Frameworks */,
			);
			buildRules = (
			);
			dependencies = (
			);
			name = ZeeAdmin;
			productName = ZeeAdmin;
			productReference = 0464174F22F61B8E00D27A1B /* ZeeAdmin.app */;
			productType = "com.apple.product-type.application";
		};
/* End PBXNativeTarget section */

/* Begin PBXProject section */
		0464172E22F618E000D27A1B /* Project object */ = {
			isa = PBXProject;
			attributes = {
				LastSwiftUpdateCheck = 1010;
				LastUpgradeCheck = 1010;
				ORGANIZATIONNAME = wox1;
				TargetAttributes = {
					0464173522F618E000D27A1B = {
						CreatedOnToolsVersion = 10.1;
					};
					0464174E22F61B8E00D27A1B = {
						CreatedOnToolsVersion = 10.1;
					};
				};
			};
			buildConfigurationList = 0464173122F618E000D27A1B /* Build configuration list for PBXProject "ZeeTee" */;
			compatibilityVersion = "Xcode 9.3";
			developmentRegion = en;
			hasScannedForEncodings = 0;
			knownRegions = (
				en,
				Base,
			);
			mainGroup = 0464172D22F618E000D27A1B;
			productRefGroup = 0464173722F618E000D27A1B /* Products */;
			projectDirPath = "";
			projectRoot = "";
			targets = (
				0464173522F618E000D27A1B /* ZeeTee */,
				0464174E22F61B8E00D27A1B /* ZeeAdmin */,
			);
		};
/* End PBXProject section */

/* Begin PBXResourcesBuildPhase section */
		0464173422F618E000D27A1B /* Resources */ = {
			isa = PBXResourcesBuildPhase;
			buildActionMask = 2147483647;
			files = (
				0464174422F618E100D27A1B /* LaunchScreen.storyboard in Resources */,
				0464174122F618E100D27A1B /* Assets.xcassets in Resources */,
				04AD365223020DDB0034D5FF /* GoogleService-Info.plist in Resources */,
				0464173F22F618E000D27A1B /* Main.storyboard in Resources */,
				0464176422F77E9200D27A1B /* LoginStoryBoard.storyboard in Resources */,
			);
			runOnlyForDeploymentPostprocessing = 0;
		};
		0464174D22F61B8E00D27A1B /* Resources */ = {
			isa = PBXResourcesBuildPhase;
			buildActionMask = 2147483647;
			files = (
				0464175C22F61B8E00D27A1B /* LaunchScreen.storyboard in Resources */,
				0464176222F61BF600D27A1B /* Assets.xcassets in Resources */,
				04AD36542302103F0034D5FF /* GoogleService-Info.plist in Resources */,
				0464175722F61B8E00D27A1B /* Main.storyboard in Resources */,
			);
			runOnlyForDeploymentPostprocessing = 0;
		};
/* End PBXResourcesBuildPhase section */

/* Begin PBXShellScriptBuildPhase section */
		72CA50C5878CA2BDCA043D56 /* [CP] Check Pods Manifest.lock */ = {
			isa = PBXShellScriptBuildPhase;
			buildActionMask = 2147483647;
			files = (
			);
			inputPaths = (
				"${PODS_PODFILE_DIR_PATH}/Podfile.lock",
				"${PODS_ROOT}/Manifest.lock",
			);
			name = "[CP] Check Pods Manifest.lock";
			outputPaths = (
				"$(DERIVED_FILE_DIR)/Pods-ZeeAdmin-checkManifestLockResult.txt",
			);
			runOnlyForDeploymentPostprocessing = 0;
			shellPath = /bin/sh;
			shellScript = "diff \"${PODS_PODFILE_DIR_PATH}/Podfile.lock\" \"${PODS_ROOT}/Manifest.lock\" > /dev/null\nif [ $? != 0 ] ; then\n    # print error to STDERR\n    echo \"error: The sandbox is not in sync with the Podfile.lock. Run 'pod install' or update your CocoaPods installation.\" >&2\n    exit 1\nfi\n# This output is used by Xcode 'outputs' to avoid re-running this script phase.\necho \"SUCCESS\" > \"${SCRIPT_OUTPUT_FILE_0}\"\n";
			showEnvVarsInLog = 0;
		};
		7ACF93945E5D1F5E1EE4C6C4 /* [CP] Embed Pods Frameworks */ = {
			isa = PBXShellScriptBuildPhase;
			buildActionMask = 2147483647;
			files = (
			);
			inputPaths = (
				"${SRCROOT}/Pods/Target Support Files/Pods-ZeeAdmin/Pods-ZeeAdmin-frameworks.sh",
				"${BUILT_PRODUCTS_DIR}/BoringSSL-GRPC/openssl_grpc.framework",
				"${BUILT_PRODUCTS_DIR}/CodableFirebase/CodableFirebase.framework",
				"${BUILT_PRODUCTS_DIR}/CropViewController/CropViewController.framework",
				"${BUILT_PRODUCTS_DIR}/GTMSessionFetcher/GTMSessionFetcher.framework",
				"${BUILT_PRODUCTS_DIR}/GoogleUtilities/GoogleUtilities.framework",
				"${BUILT_PRODUCTS_DIR}/IQKeyboardManagerSwift/IQKeyboardManagerSwift.framework",
				"${BUILT_PRODUCTS_DIR}/Kingfisher/Kingfisher.framework",
				"${BUILT_PRODUCTS_DIR}/Protobuf/Protobuf.framework",
				"${BUILT_PRODUCTS_DIR}/gRPC-C++/grpcpp.framework",
				"${BUILT_PRODUCTS_DIR}/gRPC-Core/grpc.framework",
				"${BUILT_PRODUCTS_DIR}/leveldb-library/leveldb.framework",
				"${BUILT_PRODUCTS_DIR}/nanopb/nanopb.framework",
			);
			name = "[CP] Embed Pods Frameworks";
			outputPaths = (
				"${TARGET_BUILD_DIR}/${FRAMEWORKS_FOLDER_PATH}/openssl_grpc.framework",
				"${TARGET_BUILD_DIR}/${FRAMEWORKS_FOLDER_PATH}/CodableFirebase.framework",
				"${TARGET_BUILD_DIR}/${FRAMEWORKS_FOLDER_PATH}/CropViewController.framework",
				"${TARGET_BUILD_DIR}/${FRAMEWORKS_FOLDER_PATH}/GTMSessionFetcher.framework",
				"${TARGET_BUILD_DIR}/${FRAMEWORKS_FOLDER_PATH}/GoogleUtilities.framework",
				"${TARGET_BUILD_DIR}/${FRAMEWORKS_FOLDER_PATH}/IQKeyboardManagerSwift.framework",
				"${TARGET_BUILD_DIR}/${FRAMEWORKS_FOLDER_PATH}/Kingfisher.framework",
				"${TARGET_BUILD_DIR}/${FRAMEWORKS_FOLDER_PATH}/Protobuf.framework",
				"${TARGET_BUILD_DIR}/${FRAMEWORKS_FOLDER_PATH}/grpcpp.framework",
				"${TARGET_BUILD_DIR}/${FRAMEWORKS_FOLDER_PATH}/grpc.framework",
				"${TARGET_BUILD_DIR}/${FRAMEWORKS_FOLDER_PATH}/leveldb.framework",
				"${TARGET_BUILD_DIR}/${FRAMEWORKS_FOLDER_PATH}/nanopb.framework",
			);
			runOnlyForDeploymentPostprocessing = 0;
			shellPath = /bin/sh;
			shellScript = "\"${SRCROOT}/Pods/Target Support Files/Pods-ZeeAdmin/Pods-ZeeAdmin-frameworks.sh\"\n";
			showEnvVarsInLog = 0;
		};
		DD4B63601EF6AC29DFF69209 /* [CP] Check Pods Manifest.lock */ = {
			isa = PBXShellScriptBuildPhase;
			buildActionMask = 2147483647;
			files = (
			);
			inputPaths = (
				"${PODS_PODFILE_DIR_PATH}/Podfile.lock",
				"${PODS_ROOT}/Manifest.lock",
			);
			name = "[CP] Check Pods Manifest.lock";
			outputPaths = (
				"$(DERIVED_FILE_DIR)/Pods-ZeeTee-checkManifestLockResult.txt",
			);
			runOnlyForDeploymentPostprocessing = 0;
			shellPath = /bin/sh;
			shellScript = "diff \"${PODS_PODFILE_DIR_PATH}/Podfile.lock\" \"${PODS_ROOT}/Manifest.lock\" > /dev/null\nif [ $? != 0 ] ; then\n    # print error to STDERR\n    echo \"error: The sandbox is not in sync with the Podfile.lock. Run 'pod install' or update your CocoaPods installation.\" >&2\n    exit 1\nfi\n# This output is used by Xcode 'outputs' to avoid re-running this script phase.\necho \"SUCCESS\" > \"${SCRIPT_OUTPUT_FILE_0}\"\n";
			showEnvVarsInLog = 0;
		};
		F13D048AAF40AC88991C58BD /* [CP] Embed Pods Frameworks */ = {
			isa = PBXShellScriptBuildPhase;
			buildActionMask = 2147483647;
			files = (
			);
			inputPaths = (
				"${SRCROOT}/Pods/Target Support Files/Pods-ZeeTee/Pods-ZeeTee-frameworks.sh",
				"${BUILT_PRODUCTS_DIR}/BoringSSL-GRPC/openssl_grpc.framework",
				"${BUILT_PRODUCTS_DIR}/CodableFirebase/CodableFirebase.framework",
				"${BUILT_PRODUCTS_DIR}/GTMSessionFetcher/GTMSessionFetcher.framework",
				"${BUILT_PRODUCTS_DIR}/GoogleUtilities/GoogleUtilities.framework",
				"${BUILT_PRODUCTS_DIR}/IQKeyboardManagerSwift/IQKeyboardManagerSwift.framework",
				"${BUILT_PRODUCTS_DIR}/Kingfisher/Kingfisher.framework",
				"${BUILT_PRODUCTS_DIR}/Protobuf/Protobuf.framework",
				"${BUILT_PRODUCTS_DIR}/gRPC-C++/grpcpp.framework",
				"${BUILT_PRODUCTS_DIR}/gRPC-Core/grpc.framework",
				"${BUILT_PRODUCTS_DIR}/leveldb-library/leveldb.framework",
				"${BUILT_PRODUCTS_DIR}/nanopb/nanopb.framework",
				"${BUILT_PRODUCTS_DIR}/Alamofire/Alamofire.framework",
				"${BUILT_PRODUCTS_DIR}/Stripe/Stripe.framework",
			);
			name = "[CP] Embed Pods Frameworks";
			outputPaths = (
				"${TARGET_BUILD_DIR}/${FRAMEWORKS_FOLDER_PATH}/openssl_grpc.framework",
				"${TARGET_BUILD_DIR}/${FRAMEWORKS_FOLDER_PATH}/CodableFirebase.framework",
				"${TARGET_BUILD_DIR}/${FRAMEWORKS_FOLDER_PATH}/GTMSessionFetcher.framework",
				"${TARGET_BUILD_DIR}/${FRAMEWORKS_FOLDER_PATH}/GoogleUtilities.framework",
				"${TARGET_BUILD_DIR}/${FRAMEWORKS_FOLDER_PATH}/IQKeyboardManagerSwift.framework",
				"${TARGET_BUILD_DIR}/${FRAMEWORKS_FOLDER_PATH}/Kingfisher.framework",
				"${TARGET_BUILD_DIR}/${FRAMEWORKS_FOLDER_PATH}/Protobuf.framework",
				"${TARGET_BUILD_DIR}/${FRAMEWORKS_FOLDER_PATH}/grpcpp.framework",
				"${TARGET_BUILD_DIR}/${FRAMEWORKS_FOLDER_PATH}/grpc.framework",
				"${TARGET_BUILD_DIR}/${FRAMEWORKS_FOLDER_PATH}/leveldb.framework",
				"${TARGET_BUILD_DIR}/${FRAMEWORKS_FOLDER_PATH}/nanopb.framework",
				"${TARGET_BUILD_DIR}/${FRAMEWORKS_FOLDER_PATH}/Alamofire.framework",
				"${TARGET_BUILD_DIR}/${FRAMEWORKS_FOLDER_PATH}/Stripe.framework",
			);
			runOnlyForDeploymentPostprocessing = 0;
			shellPath = /bin/sh;
			shellScript = "\"${SRCROOT}/Pods/Target Support Files/Pods-ZeeTee/Pods-ZeeTee-frameworks.sh\"\n";
			showEnvVarsInLog = 0;
		};
/* End PBXShellScriptBuildPhase section */

/* Begin PBXSourcesBuildPhase section */
		0464173222F618E000D27A1B /* Sources */ = {
			isa = PBXSourcesBuildPhase;
			buildActionMask = 2147483647;
			files = (
				0464173C22F618E000D27A1B /* ViewController.swift in Sources */,
				04AD365C23029C8F0034D5FF /* RegisterVC.swift in Sources */,
				0464173A22F618E000D27A1B /* AppDelegate.swift in Sources */,
				04AD365F2302A6F00034D5FF /* extension.swift in Sources */,
				040FBB47231C564A00E7BE6A /* RoundedViews.swift in Sources */,
				04AD365A23029C6D0034D5FF /* LoginVC.swift in Sources */,
				040FBB442304A1B000E7BE6A /* Constants.swift in Sources */,
			);
			runOnlyForDeploymentPostprocessing = 0;
		};
		0464174B22F61B8E00D27A1B /* Sources */ = {
			isa = PBXSourcesBuildPhase;
			buildActionMask = 2147483647;
			files = (
				0464175422F61B8E00D27A1B /* ViewController.swift in Sources */,
				0464175222F61B8E00D27A1B /* AppDelegate.swift in Sources */,
			);
			runOnlyForDeploymentPostprocessing = 0;
		};
/* End PBXSourcesBuildPhase section */

/* Begin PBXVariantGroup section */
		0464173D22F618E000D27A1B /* Main.storyboard */ = {
			isa = PBXVariantGroup;
			children = (
				0464173E22F618E000D27A1B /* Base */,
			);
			name = Main.storyboard;
			sourceTree = "<group>";
		};
		0464174222F618E100D27A1B /* LaunchScreen.storyboard */ = {
			isa = PBXVariantGroup;
			children = (
				0464174322F618E100D27A1B /* Base */,
			);
			name = LaunchScreen.storyboard;
			sourceTree = "<group>";
		};
		0464175522F61B8E00D27A1B /* Main.storyboard */ = {
			isa = PBXVariantGroup;
			children = (
				0464175622F61B8E00D27A1B /* Base */,
			);
			name = Main.storyboard;
			sourceTree = "<group>";
		};
		0464175A22F61B8E00D27A1B /* LaunchScreen.storyboard */ = {
			isa = PBXVariantGroup;
			children = (
				0464175B22F61B8E00D27A1B /* Base */,
			);
			name = LaunchScreen.storyboard;
			sourceTree = "<group>";
		};
/* End PBXVariantGroup section */

/* Begin XCBuildConfiguration section */
		0464174622F618E100D27A1B /* Debug */ = {
			isa = XCBuildConfiguration;
			buildSettings = {
				ALWAYS_SEARCH_USER_PATHS = NO;
				CLANG_ANALYZER_NONNULL = YES;
				CLANG_ANALYZER_NUMBER_OBJECT_CONVERSION = YES_AGGRESSIVE;
				CLANG_CXX_LANGUAGE_STANDARD = "gnu++14";
				CLANG_CXX_LIBRARY = "libc++";
				CLANG_ENABLE_MODULES = YES;
				CLANG_ENABLE_OBJC_ARC = YES;
				CLANG_ENABLE_OBJC_WEAK = YES;
				CLANG_WARN_BLOCK_CAPTURE_AUTORELEASING = YES;
				CLANG_WARN_BOOL_CONVERSION = YES;
				CLANG_WARN_COMMA = YES;
				CLANG_WARN_CONSTANT_CONVERSION = YES;
				CLANG_WARN_DEPRECATED_OBJC_IMPLEMENTATIONS = YES;
				CLANG_WARN_DIRECT_OBJC_ISA_USAGE = YES_ERROR;
				CLANG_WARN_DOCUMENTATION_COMMENTS = YES;
				CLANG_WARN_EMPTY_BODY = YES;
				CLANG_WARN_ENUM_CONVERSION = YES;
				CLANG_WARN_INFINITE_RECURSION = YES;
				CLANG_WARN_INT_CONVERSION = YES;
				CLANG_WARN_NON_LITERAL_NULL_CONVERSION = YES;
				CLANG_WARN_OBJC_IMPLICIT_RETAIN_SELF = YES;
				CLANG_WARN_OBJC_LITERAL_CONVERSION = YES;
				CLANG_WARN_OBJC_ROOT_CLASS = YES_ERROR;
				CLANG_WARN_RANGE_LOOP_ANALYSIS = YES;
				CLANG_WARN_STRICT_PROTOTYPES = YES;
				CLANG_WARN_SUSPICIOUS_MOVE = YES;
				CLANG_WARN_UNGUARDED_AVAILABILITY = YES_AGGRESSIVE;
				CLANG_WARN_UNREACHABLE_CODE = YES;
				CLANG_WARN__DUPLICATE_METHOD_MATCH = YES;
				CODE_SIGN_IDENTITY = "iPhone Developer";
				COPY_PHASE_STRIP = NO;
				DEBUG_INFORMATION_FORMAT = dwarf;
				ENABLE_STRICT_OBJC_MSGSEND = YES;
				ENABLE_TESTABILITY = YES;
				GCC_C_LANGUAGE_STANDARD = gnu11;
				GCC_DYNAMIC_NO_PIC = NO;
				GCC_NO_COMMON_BLOCKS = YES;
				GCC_OPTIMIZATION_LEVEL = 0;
				GCC_PREPROCESSOR_DEFINITIONS = (
					"DEBUG=1",
					"$(inherited)",
				);
				GCC_WARN_64_TO_32_BIT_CONVERSION = YES;
				GCC_WARN_ABOUT_RETURN_TYPE = YES_ERROR;
				GCC_WARN_UNDECLARED_SELECTOR = YES;
				GCC_WARN_UNINITIALIZED_AUTOS = YES_AGGRESSIVE;
				GCC_WARN_UNUSED_FUNCTION = YES;
				GCC_WARN_UNUSED_VARIABLE = YES;
				IPHONEOS_DEPLOYMENT_TARGET = 12.1;
				MTL_ENABLE_DEBUG_INFO = INCLUDE_SOURCE;
				MTL_FAST_MATH = YES;
				ONLY_ACTIVE_ARCH = YES;
				SDKROOT = iphoneos;
				SWIFT_ACTIVE_COMPILATION_CONDITIONS = DEBUG;
				SWIFT_OPTIMIZATION_LEVEL = "-Onone";
			};
			name = Debug;
		};
		0464174722F618E100D27A1B /* Release */ = {
			isa = XCBuildConfiguration;
			buildSettings = {
				ALWAYS_SEARCH_USER_PATHS = NO;
				CLANG_ANALYZER_NONNULL = YES;
				CLANG_ANALYZER_NUMBER_OBJECT_CONVERSION = YES_AGGRESSIVE;
				CLANG_CXX_LANGUAGE_STANDARD = "gnu++14";
				CLANG_CXX_LIBRARY = "libc++";
				CLANG_ENABLE_MODULES = YES;
				CLANG_ENABLE_OBJC_ARC = YES;
				CLANG_ENABLE_OBJC_WEAK = YES;
				CLANG_WARN_BLOCK_CAPTURE_AUTORELEASING = YES;
				CLANG_WARN_BOOL_CONVERSION = YES;
				CLANG_WARN_COMMA = YES;
				CLANG_WARN_CONSTANT_CONVERSION = YES;
				CLANG_WARN_DEPRECATED_OBJC_IMPLEMENTATIONS = YES;
				CLANG_WARN_DIRECT_OBJC_ISA_USAGE = YES_ERROR;
				CLANG_WARN_DOCUMENTATION_COMMENTS = YES;
				CLANG_WARN_EMPTY_BODY = YES;
				CLANG_WARN_ENUM_CONVERSION = YES;
				CLANG_WARN_INFINITE_RECURSION = YES;
				CLANG_WARN_INT_CONVERSION = YES;
				CLANG_WARN_NON_LITERAL_NULL_CONVERSION = YES;
				CLANG_WARN_OBJC_IMPLICIT_RETAIN_SELF = YES;
				CLANG_WARN_OBJC_LITERAL_CONVERSION = YES;
				CLANG_WARN_OBJC_ROOT_CLASS = YES_ERROR;
				CLANG_WARN_RANGE_LOOP_ANALYSIS = YES;
				CLANG_WARN_STRICT_PROTOTYPES = YES;
				CLANG_WARN_SUSPICIOUS_MOVE = YES;
				CLANG_WARN_UNGUARDED_AVAILABILITY = YES_AGGRESSIVE;
				CLANG_WARN_UNREACHABLE_CODE = YES;
				CLANG_WARN__DUPLICATE_METHOD_MATCH = YES;
				CODE_SIGN_IDENTITY = "iPhone Developer";
				COPY_PHASE_STRIP = NO;
				DEBUG_INFORMATION_FORMAT = "dwarf-with-dsym";
				ENABLE_NS_ASSERTIONS = NO;
				ENABLE_STRICT_OBJC_MSGSEND = YES;
				GCC_C_LANGUAGE_STANDARD = gnu11;
				GCC_NO_COMMON_BLOCKS = YES;
				GCC_WARN_64_TO_32_BIT_CONVERSION = YES;
				GCC_WARN_ABOUT_RETURN_TYPE = YES_ERROR;
				GCC_WARN_UNDECLARED_SELECTOR = YES;
				GCC_WARN_UNINITIALIZED_AUTOS = YES_AGGRESSIVE;
				GCC_WARN_UNUSED_FUNCTION = YES;
				GCC_WARN_UNUSED_VARIABLE = YES;
				IPHONEOS_DEPLOYMENT_TARGET = 12.1;
				MTL_ENABLE_DEBUG_INFO = NO;
				MTL_FAST_MATH = YES;
				SDKROOT = iphoneos;
				SWIFT_COMPILATION_MODE = wholemodule;
				SWIFT_OPTIMIZATION_LEVEL = "-O";
				VALIDATE_PRODUCT = YES;
			};
			name = Release;
		};
		0464174922F618E100D27A1B /* Debug */ = {
			isa = XCBuildConfiguration;
			baseConfigurationReference = 7101F563CEBCE03F43B6631C /* Pods-ZeeTee.debug.xcconfig */;
			buildSettings = {
				ASSETCATALOG_COMPILER_APPICON_NAME = AppIcon;
				CODE_SIGN_STYLE = Automatic;
				DEVELOPMENT_TEAM = LB5YMG5W6W;
				INFOPLIST_FILE = ZeeTee/Info.plist;
				LD_RUNPATH_SEARCH_PATHS = (
					"$(inherited)",
					"@executable_path/Frameworks",
				);
				PRODUCT_BUNDLE_IDENTIFIER = wox1.ZeeTee;
				PRODUCT_NAME = "$(TARGET_NAME)";
				SWIFT_VERSION = 4.2;
				TARGETED_DEVICE_FAMILY = "1,2";
			};
			name = Debug;
		};
		0464174A22F618E100D27A1B /* Release */ = {
			isa = XCBuildConfiguration;
			baseConfigurationReference = BBC19DAB2B5481DDCBA54F47 /* Pods-ZeeTee.release.xcconfig */;
			buildSettings = {
				ASSETCATALOG_COMPILER_APPICON_NAME = AppIcon;
				CODE_SIGN_STYLE = Automatic;
				DEVELOPMENT_TEAM = LB5YMG5W6W;
				INFOPLIST_FILE = ZeeTee/Info.plist;
				LD_RUNPATH_SEARCH_PATHS = (
					"$(inherited)",
					"@executable_path/Frameworks",
				);
				PRODUCT_BUNDLE_IDENTIFIER = wox1.ZeeTee;
				PRODUCT_NAME = "$(TARGET_NAME)";
				SWIFT_VERSION = 4.2;
				TARGETED_DEVICE_FAMILY = "1,2";
			};
			name = Release;
		};
		0464175F22F61B8E00D27A1B /* Debug */ = {
			isa = XCBuildConfiguration;
			baseConfigurationReference = F372A604985BF8377EE1D9BE /* Pods-ZeeAdmin.debug.xcconfig */;
			buildSettings = {
				ASSETCATALOG_COMPILER_APPICON_NAME = AppIcon;
				CODE_SIGN_STYLE = Automatic;
				DEVELOPMENT_TEAM = LB5YMG5W6W;
				INFOPLIST_FILE = ZeeAdmin/Info.plist;
				LD_RUNPATH_SEARCH_PATHS = (
					"$(inherited)",
					"@executable_path/Frameworks",
				);
				PRODUCT_BUNDLE_IDENTIFIER = wox1.ZeeAdmin;
				PRODUCT_NAME = "$(TARGET_NAME)";
				SWIFT_VERSION = 4.2;
				TARGETED_DEVICE_FAMILY = "1,2";
			};
			name = Debug;
		};
		0464176022F61B8E00D27A1B /* Release */ = {
			isa = XCBuildConfiguration;
			baseConfigurationReference = FA783D2E631901113A5B0F80 /* Pods-ZeeAdmin.release.xcconfig */;
			buildSettings = {
				ASSETCATALOG_COMPILER_APPICON_NAME = AppIcon;
				CODE_SIGN_STYLE = Automatic;
				DEVELOPMENT_TEAM = LB5YMG5W6W;
				INFOPLIST_FILE = ZeeAdmin/Info.plist;
				LD_RUNPATH_SEARCH_PATHS = (
					"$(inherited)",
					"@executable_path/Frameworks",
				);
				PRODUCT_BUNDLE_IDENTIFIER = wox1.ZeeAdmin;
				PRODUCT_NAME = "$(TARGET_NAME)";
				SWIFT_VERSION = 4.2;
				TARGETED_DEVICE_FAMILY = "1,2";
			};
			name = Release;
		};
/* End XCBuildConfiguration section */

/* Begin XCConfigurationList section */
		0464173122F618E000D27A1B /* Build configuration list for PBXProject "ZeeTee" */ = {
			isa = XCConfigurationList;
			buildConfigurations = (
				0464174622F618E100D27A1B /* Debug */,
				0464174722F618E100D27A1B /* Release */,
			);
			defaultConfigurationIsVisible = 0;
			defaultConfigurationName = Release;
		};
		0464174822F618E100D27A1B /* Build configuration list for PBXNativeTarget "ZeeTee" */ = {
			isa = XCConfigurationList;
			buildConfigurations = (
				0464174922F618E100D27A1B /* Debug */,
				0464174A22F618E100D27A1B /* Release */,
			);
			defaultConfigurationIsVisible = 0;
			defaultConfigurationName = Release;
		};
		0464175E22F61B8E00D27A1B /* Build configuration list for PBXNativeTarget "ZeeAdmin" */ = {
			isa = XCConfigurationList;
			buildConfigurations = (
				0464175F22F61B8E00D27A1B /* Debug */,
				0464176022F61B8E00D27A1B /* Release */,
			);
			defaultConfigurationIsVisible = 0;
			defaultConfigurationName = Release;
		};
/* End XCConfigurationList section */
	};
	rootObject = 0464172E22F618E000D27A1B /* Project object */;
}
